
Microsoft Visual Studio Solution File, Format Version 12.00
# Visual Studio 15
VisualStudioVersion = 15.0.27703.2035
MinimumVisualStudioVersion = 10.0.40219.1
Project("{FAE04EC0-301F-11D3-BF4B-00C04F79EFBC}") = "HotelManagement.Presentation.Website", "SA.HM.Presentation\IIM.Presentation.Website\HotelManagement.Presentation.Website.csproj", "{28E5D25F-FB4C-461B-A24D-11558103C20A}"
EndProject
Project("{FAE04EC0-301F-11D3-BF4B-00C04F79EFBC}") = "HotelManagement.Entity", "SA.HM.Entity\HotelManagement.Entity.csproj", "{279DB164-D051-45BE-9F2E-F187866C13AC}"
EndProject
Project("{FAE04EC0-301F-11D3-BF4B-00C04F79EFBC}") = "HotelManagement.Data", "SA.HM.Data\HotelManagement.Data.csproj", "{DAF80353-F2F2-45D2-843C-F44E6266A1A9}"
EndProject
Global
	GlobalSection(SolutionConfigurationPlatforms) = preSolution
		Debug|Any CPU = Debug|Any CPU
		Release|Any CPU = Release|Any CPU
	EndGlobalSection
	GlobalSection(ProjectConfigurationPlatforms) = postSolution
		{28E5D25F-FB4C-461B-A24D-11558103C20A}.Debug|Any CPU.ActiveCfg = Debug|Any CPU
		{28E5D25F-FB4C-461B-A24D-11558103C20A}.Debug|Any CPU.Build.0 = Debug|Any CPU
		{28E5D25F-FB4C-461B-A24D-11558103C20A}.Release|Any CPU.ActiveCfg = Release|Any CPU
		{28E5D25F-FB4C-461B-A24D-11558103C20A}.Release|Any CPU.Build.0 = Release|Any CPU
		{279DB164-D051-45BE-9F2E-F187866C13AC}.Debug|Any CPU.ActiveCfg = Debug|Any CPU
		{279DB164-D051-45BE-9F2E-F187866C13AC}.Debug|Any CPU.Build.0 = Debug|Any CPU
		{279DB164-D051-45BE-9F2E-F187866C13AC}.Release|Any CPU.ActiveCfg = Release|Any CPU
		{279DB164-D051-45BE-9F2E-F187866C13AC}.Release|Any CPU.Build.0 = Release|Any CPU
		{DAF80353-F2F2-45D2-843C-F44E6266A1A9}.Debug|Any CPU.ActiveCfg = Debug|Any CPU
		{DAF80353-F2F2-45D2-843C-F44E6266A1A9}.Debug|Any CPU.Build.0 = Debug|Any CPU
		{DAF80353-F2F2-45D2-843C-F44E6266A1A9}.Release|Any CPU.ActiveCfg = Release|Any CPU
		{DAF80353-F2F2-45D2-843C-F44E6266A1A9}.Release|Any CPU.Build.0 = Release|Any CPU
	EndGlobalSection
	GlobalSection(SolutionProperties) = preSolution
		HideSolutionNode = FALSE
	EndGlobalSection
	GlobalSection(ExtensibilityGlobals) = postSolution
		SolutionGuid = {61284FD2-9B8F-4C73-AC7C-D55F8A3B89EA}
	EndGlobalSection
EndGlobal
